
Microsoft Visual Studio Solution File, Format Version 12.00
# Visual Studio Version 16
VisualStudioVersion = 16.0.31702.278
MinimumVisualStudioVersion = 10.0.40219.1
Project("{FAE04EC0-301F-11D3-BF4B-00C04F79EFBC}") = "TodoAPI", "TodoAPI\TodoAPI.csproj", "{8947A6CA-0375-4C82-AD09-80316AAB093B}"
EndProject
Global
	GlobalSection(SolutionConfigurationPlatforms) = preSolution
		Debug|Any CPU = Debug|Any CPU
		Release|Any CPU = Release|Any CPU
	EndGlobalSection
	GlobalSection(ProjectConfigurationPlatforms) = postSolution
		{8947A6CA-0375-4C82-AD09-80316AAB093B}.Debug|Any CPU.ActiveCfg = Debug|Any CPU
		{8947A6CA-0375-4C82-AD09-80316AAB093B}.Debug|Any CPU.Build.0 = Debug|Any CPU
		{8947A6CA-0375-4C82-AD09-80316AAB093B}.Release|Any CPU.ActiveCfg = Release|Any CPU
		{8947A6CA-0375-4C82-AD09-80316AAB093B}.Release|Any CPU.Build.0 = Release|Any CPU
	EndGlobalSection
	GlobalSection(SolutionProperties) = preSolution
		HideSolutionNode = FALSE
	EndGlobalSection
	GlobalSection(ExtensibilityGlobals) = postSolution
		SolutionGuid = {B800F47F-C7DB-4431-8E89-31172808F0F2}
	EndGlobalSection
EndGlobal
